
Microsoft Visual Studio Solution File, Format Version 12.00
# Visual Studio Version 17
VisualStudioVersion = 17.12.35506.116
MinimumVisualStudioVersion = 10.0.40219.1
Project("{9A19103F-16F7-4668-BE54-9A1E7A4F7556}") = "Demo.Retailer.Api", "src\Demo.Retailer.Api\Demo.Retailer.Api.csproj", "{ED204DE8-3799-4952-9B65-291A0102F0D8}"
EndProject
Project("{FAE04EC0-301F-11D3-BF4B-00C04F79EFBC}") = "Demo.Retailer.Tests", "tests\Demo.Retailer.Tests.csproj", "{CF3E115F-C37C-4186-A37B-0FB9E8348891}"
EndProject
Project("{2150E333-8FDC-42A3-9474-1A3956D46DE8}") = "Solution Items", "Solution Items", "{54461025-311F-4BD3-BA74-C5FFF83E696A}"
	ProjectSection(SolutionItems) = preProject
		readme.md = readme.md
		Directoryxyz.Build.props = Directoryxyz.Build.props
	EndProjectSection
EndProject
Project("{FAE04EC0-301F-11D3-BF4B-00C04F79EFBC}") = "Demo.Retailer.AppHost", "src\Demo.Retailer.AppHost\Demo.Retailer.AppHost.csproj", "{5B6E2AF2-91DF-4601-940D-A85071BEAB88}"
EndProject
Project("{FAE04EC0-301F-11D3-BF4B-00C04F79EFBC}") = "Demo.Retailer.ServiceDefaults", "src\Demo.Retailer.ServiceDefaults\Demo.Retailer.ServiceDefaults.csproj", "{13BBD898-3DB2-DCAD-6CA8-13B443B9FD93}"
EndProject
Project("{2150E333-8FDC-42A3-9474-1A3956D46DE8}") = "src", "src", "{02EA681E-C7D8-13C7-8484-4AC65E1B71E8}"
EndProject
Project("{2150E333-8FDC-42A3-9474-1A3956D46DE8}") = "tests", "tests", "{64342C90-7DEA-4E10-A66C-8D7308EF6728}"
EndProject
Project("{FAE04EC0-301F-11D3-BF4B-00C04F79EFBC}") = "Demo.Retailer.MigrationService", "src\Demo.Retailer.MigrationService\Demo.Retailer.MigrationService.csproj", "{A4D37F31-CFC4-451C-A498-50B185996C6F}"
EndProject
Project("{FAE04EC0-301F-11D3-BF4B-00C04F79EFBC}") = "Demo.Retailer.Data", "src\Demo.Retailer.Data\Demo.Retailer.Data.csproj", "{78353C9A-2C3E-4E41-A897-421A4210AD66}"
EndProject
Global
	GlobalSection(SolutionConfigurationPlatforms) = preSolution
		Debug|Any CPU = Debug|Any CPU
		Debug|x64 = Debug|x64
		Debug|x86 = Debug|x86
		Release|Any CPU = Release|Any CPU
		Release|x64 = Release|x64
		Release|x86 = Release|x86
	EndGlobalSection
	GlobalSection(ProjectConfigurationPlatforms) = postSolution
		{ED204DE8-3799-4952-9B65-291A0102F0D8}.Debug|Any CPU.ActiveCfg = Debug|Any CPU
		{ED204DE8-3799-4952-9B65-291A0102F0D8}.Debug|Any CPU.Build.0 = Debug|Any CPU
		{ED204DE8-3799-4952-9B65-291A0102F0D8}.Debug|x64.ActiveCfg = Debug|Any CPU
		{ED204DE8-3799-4952-9B65-291A0102F0D8}.Debug|x64.Build.0 = Debug|Any CPU
		{ED204DE8-3799-4952-9B65-291A0102F0D8}.Debug|x86.ActiveCfg = Debug|Any CPU
		{ED204DE8-3799-4952-9B65-291A0102F0D8}.Debug|x86.Build.0 = Debug|Any CPU
		{ED204DE8-3799-4952-9B65-291A0102F0D8}.Release|Any CPU.ActiveCfg = Release|Any CPU
		{ED204DE8-3799-4952-9B65-291A0102F0D8}.Release|Any CPU.Build.0 = Release|Any CPU
		{ED204DE8-3799-4952-9B65-291A0102F0D8}.Release|x64.ActiveCfg = Release|Any CPU
		{ED204DE8-3799-4952-9B65-291A0102F0D8}.Release|x64.Build.0 = Release|Any CPU
		{ED204DE8-3799-4952-9B65-291A0102F0D8}.Release|x86.ActiveCfg = Release|Any CPU
		{ED204DE8-3799-4952-9B65-291A0102F0D8}.Release|x86.Build.0 = Release|Any CPU
		{CF3E115F-C37C-4186-A37B-0FB9E8348891}.Debug|Any CPU.ActiveCfg = Debug|Any CPU
		{CF3E115F-C37C-4186-A37B-0FB9E8348891}.Debug|Any CPU.Build.0 = Debug|Any CPU
		{CF3E115F-C37C-4186-A37B-0FB9E8348891}.Debug|x64.ActiveCfg = Debug|Any CPU
		{CF3E115F-C37C-4186-A37B-0FB9E8348891}.Debug|x64.Build.0 = Debug|Any CPU
		{CF3E115F-C37C-4186-A37B-0FB9E8348891}.Debug|x86.ActiveCfg = Debug|Any CPU
		{CF3E115F-C37C-4186-A37B-0FB9E8348891}.Debug|x86.Build.0 = Debug|Any CPU
		{CF3E115F-C37C-4186-A37B-0FB9E8348891}.Release|Any CPU.ActiveCfg = Release|Any CPU
		{CF3E115F-C37C-4186-A37B-0FB9E8348891}.Release|Any CPU.Build.0 = Release|Any CPU
		{CF3E115F-C37C-4186-A37B-0FB9E8348891}.Release|x64.ActiveCfg = Release|Any CPU
		{CF3E115F-C37C-4186-A37B-0FB9E8348891}.Release|x64.Build.0 = Release|Any CPU
		{CF3E115F-C37C-4186-A37B-0FB9E8348891}.Release|x86.ActiveCfg = Release|Any CPU
		{CF3E115F-C37C-4186-A37B-0FB9E8348891}.Release|x86.Build.0 = Release|Any CPU
		{5B6E2AF2-91DF-4601-940D-A85071BEAB88}.Debug|Any CPU.ActiveCfg = Debug|Any CPU
		{5B6E2AF2-91DF-4601-940D-A85071BEAB88}.Debug|Any CPU.Build.0 = Debug|Any CPU
		{5B6E2AF2-91DF-4601-940D-A85071BEAB88}.Debug|x64.ActiveCfg = Debug|Any CPU
		{5B6E2AF2-91DF-4601-940D-A85071BEAB88}.Debug|x64.Build.0 = Debug|Any CPU
		{5B6E2AF2-91DF-4601-940D-A85071BEAB88}.Debug|x86.ActiveCfg = Debug|Any CPU
		{5B6E2AF2-91DF-4601-940D-A85071BEAB88}.Debug|x86.Build.0 = Debug|Any CPU
		{5B6E2AF2-91DF-4601-940D-A85071BEAB88}.Release|Any CPU.ActiveCfg = Release|Any CPU
		{5B6E2AF2-91DF-4601-940D-A85071BEAB88}.Release|Any CPU.Build.0 = Release|Any CPU
		{5B6E2AF2-91DF-4601-940D-A85071BEAB88}.Release|x64.ActiveCfg = Release|Any CPU
		{5B6E2AF2-91DF-4601-940D-A85071BEAB88}.Release|x64.Build.0 = Release|Any CPU
		{5B6E2AF2-91DF-4601-940D-A85071BEAB88}.Release|x86.ActiveCfg = Release|Any CPU
		{5B6E2AF2-91DF-4601-940D-A85071BEAB88}.Release|x86.Build.0 = Release|Any CPU
		{13BBD898-3DB2-DCAD-6CA8-13B443B9FD93}.Debug|Any CPU.ActiveCfg = Debug|Any CPU
		{13BBD898-3DB2-DCAD-6CA8-13B443B9FD93}.Debug|Any CPU.Build.0 = Debug|Any CPU
		{13BBD898-3DB2-DCAD-6CA8-13B443B9FD93}.Debug|x64.ActiveCfg = Debug|Any CPU
		{13BBD898-3DB2-DCAD-6CA8-13B443B9FD93}.Debug|x64.Build.0 = Debug|Any CPU
		{13BBD898-3DB2-DCAD-6CA8-13B443B9FD93}.Debug|x86.ActiveCfg = Debug|Any CPU
		{13BBD898-3DB2-DCAD-6CA8-13B443B9FD93}.Debug|x86.Build.0 = Debug|Any CPU
		{13BBD898-3DB2-DCAD-6CA8-13B443B9FD93}.Release|Any CPU.ActiveCfg = Release|Any CPU
		{13BBD898-3DB2-DCAD-6CA8-13B443B9FD93}.Release|Any CPU.Build.0 = Release|Any CPU
		{13BBD898-3DB2-DCAD-6CA8-13B443B9FD93}.Release|x64.ActiveCfg = Release|Any CPU
		{13BBD898-3DB2-DCAD-6CA8-13B443B9FD93}.Release|x64.Build.0 = Release|Any CPU
		{13BBD898-3DB2-DCAD-6CA8-13B443B9FD93}.Release|x86.ActiveCfg = Release|Any CPU
		{13BBD898-3DB2-DCAD-6CA8-13B443B9FD93}.Release|x86.Build.0 = Release|Any CPU
		{A4D37F31-CFC4-451C-A498-50B185996C6F}.Debug|Any CPU.ActiveCfg = Debug|Any CPU
		{A4D37F31-CFC4-451C-A498-50B185996C6F}.Debug|Any CPU.Build.0 = Debug|Any CPU
		{A4D37F31-CFC4-451C-A498-50B185996C6F}.Debug|x64.ActiveCfg = Debug|Any CPU
		{A4D37F31-CFC4-451C-A498-50B185996C6F}.Debug|x64.Build.0 = Debug|Any CPU
		{A4D37F31-CFC4-451C-A498-50B185996C6F}.Debug|x86.ActiveCfg = Debug|Any CPU
		{A4D37F31-CFC4-451C-A498-50B185996C6F}.Debug|x86.Build.0 = Debug|Any CPU
		{A4D37F31-CFC4-451C-A498-50B185996C6F}.Release|Any CPU.ActiveCfg = Release|Any CPU
		{A4D37F31-CFC4-451C-A498-50B185996C6F}.Release|Any CPU.Build.0 = Release|Any CPU
		{A4D37F31-CFC4-451C-A498-50B185996C6F}.Release|x64.ActiveCfg = Release|Any CPU
		{A4D37F31-CFC4-451C-A498-50B185996C6F}.Release|x64.Build.0 = Release|Any CPU
		{A4D37F31-CFC4-451C-A498-50B185996C6F}.Release|x86.ActiveCfg = Release|Any CPU
		{A4D37F31-CFC4-451C-A498-50B185996C6F}.Release|x86.Build.0 = Release|Any CPU
		{78353C9A-2C3E-4E41-A897-421A4210AD66}.Debug|Any CPU.ActiveCfg = Debug|Any CPU
		{78353C9A-2C3E-4E41-A897-421A4210AD66}.Debug|Any CPU.Build.0 = Debug|Any CPU
		{78353C9A-2C3E-4E41-A897-421A4210AD66}.Debug|x64.ActiveCfg = Debug|Any CPU
		{78353C9A-2C3E-4E41-A897-421A4210AD66}.Debug|x64.Build.0 = Debug|Any CPU
		{78353C9A-2C3E-4E41-A897-421A4210AD66}.Debug|x86.ActiveCfg = Debug|Any CPU
		{78353C9A-2C3E-4E41-A897-421A4210AD66}.Debug|x86.Build.0 = Debug|Any CPU
		{78353C9A-2C3E-4E41-A897-421A4210AD66}.Release|Any CPU.ActiveCfg = Release|Any CPU
		{78353C9A-2C3E-4E41-A897-421A4210AD66}.Release|Any CPU.Build.0 = Release|Any CPU
		{78353C9A-2C3E-4E41-A897-421A4210AD66}.Release|x64.ActiveCfg = Release|Any CPU
		{78353C9A-2C3E-4E41-A897-421A4210AD66}.Release|x64.Build.0 = Release|Any CPU
		{78353C9A-2C3E-4E41-A897-421A4210AD66}.Release|x86.ActiveCfg = Release|Any CPU
		{78353C9A-2C3E-4E41-A897-421A4210AD66}.Release|x86.Build.0 = Release|Any CPU
	EndGlobalSection
	GlobalSection(SolutionProperties) = preSolution
		HideSolutionNode = FALSE
	EndGlobalSection
	GlobalSection(NestedProjects) = preSolution
		{ED204DE8-3799-4952-9B65-291A0102F0D8} = {02EA681E-C7D8-13C7-8484-4AC65E1B71E8}
		{CF3E115F-C37C-4186-A37B-0FB9E8348891} = {64342C90-7DEA-4E10-A66C-8D7308EF6728}
		{5B6E2AF2-91DF-4601-940D-A85071BEAB88} = {02EA681E-C7D8-13C7-8484-4AC65E1B71E8}
		{13BBD898-3DB2-DCAD-6CA8-13B443B9FD93} = {02EA681E-C7D8-13C7-8484-4AC65E1B71E8}
		{A4D37F31-CFC4-451C-A498-50B185996C6F} = {02EA681E-C7D8-13C7-8484-4AC65E1B71E8}
		{78353C9A-2C3E-4E41-A897-421A4210AD66} = {02EA681E-C7D8-13C7-8484-4AC65E1B71E8}
	EndGlobalSection
	GlobalSection(ExtensibilityGlobals) = postSolution
		SolutionGuid = {BD31F44B-92C2-4D7C-93A9-49916FC98837}
	EndGlobalSection
EndGlobal
